
Microsoft Visual Studio Solution File, Format Version 12.00
# Visual Studio 15
VisualStudioVersion = 15.0.28307.136
MinimumVisualStudioVersion = 10.0.40219.1
Project("{8BC9CEB8-8B4A-11D0-8D11-00A0C91BC942}") = "Engine", "Engine\Engine.vcxproj", "{58070825-549E-4173-8861-4C6341B6E166}"
EndProject
Project("{8BC9CEB8-8B4A-11D0-8D11-00A0C91BC942}") = "Game", "Game\Game.vcxproj", "{30347438-A240-40F9-8B27-BD66099A9407}"
EndProject
Global
	GlobalSection(SolutionConfigurationPlatforms) = preSolution
		Debug|x64 = Debug|x64
		Debug|x86 = Debug|x86
		Release|x64 = Release|x64
		Release|x86 = Release|x86
	EndGlobalSection
	GlobalSection(ProjectConfigurationPlatforms) = postSolution
		{58070825-549E-4173-8861-4C6341B6E166}.Debug|x64.ActiveCfg = Debug|x64
		{58070825-549E-4173-8861-4C6341B6E166}.Debug|x64.Build.0 = Debug|x64
		{58070825-549E-4173-8861-4C6341B6E166}.Debug|x86.ActiveCfg = Debug|Win32
		{58070825-549E-4173-8861-4C6341B6E166}.Debug|x86.Build.0 = Debug|Win32
		{58070825-549E-4173-8861-4C6341B6E166}.Release|x64.ActiveCfg = Release|x64
		{58070825-549E-4173-8861-4C6341B6E166}.Release|x64.Build.0 = Release|x64
		{58070825-549E-4173-8861-4C6341B6E166}.Release|x86.ActiveCfg = Release|Win32
		{58070825-549E-4173-8861-4C6341B6E166}.Release|x86.Build.0 = Release|Win32
		{30347438-A240-40F9-8B27-BD66099A9407}.Debug|x64.ActiveCfg = Debug|x64
		{30347438-A240-40F9-8B27-BD66099A9407}.Debug|x64.Build.0 = Debug|x64
		{30347438-A240-40F9-8B27-BD66099A9407}.Debug|x86.ActiveCfg = Debug|Win32
		{30347438-A240-40F9-8B27-BD66099A9407}.Debug|x86.Build.0 = Debug|Win32
		{30347438-A240-40F9-8B27-BD66099A9407}.Release|x64.ActiveCfg = Release|x64
		{30347438-A240-40F9-8B27-BD66099A9407}.Release|x64.Build.0 = Release|x64
		{30347438-A240-40F9-8B27-BD66099A9407}.Release|x86.ActiveCfg = Release|Win32
		{30347438-A240-40F9-8B27-BD66099A9407}.Release|x86.Build.0 = Release|Win32
	EndGlobalSection
	GlobalSection(SolutionProperties) = preSolution
		HideSolutionNode = FALSE
	EndGlobalSection
	GlobalSection(ExtensibilityGlobals) = postSolution
		SolutionGuid = {7C16AED8-C913-4722-B962-22D6BDFCDB18}
	EndGlobalSection
EndGlobal
