<?xml version="1.0" encoding="utf-8"?>
<Project ToolsVersion="4.0" xmlns="http://schemas.microsoft.com/developer/msbuild/2003">
  <ItemGroup>
    <Filter Include="Source Files">
      <UniqueIdentifier>{4FC737F1-C7A5-4376-A066-2A32D752A2FF}</UniqueIdentifier>
      <Extensions>cpp;c;cc;cxx;def;odl;idl;hpj;bat;asm;asmx</Extensions>
    </Filter>
    <Filter Include="Header Files">
      <UniqueIdentifier>{93995380-89BD-4b04-88EB-625FBE52EBFB}</UniqueIdentifier>
      <Extensions>h;hh;hpp;hxx;hm;inl;inc;ipp;xsd</Extensions>
    </Filter>
    <Filter Include="Resource Files">
      <UniqueIdentifier>{67DA6AB6-F800-4c08-8B7A-83BB121AAD01}</UniqueIdentifier>
      <Extensions>rc;ico;cur;bmp;dlg;rc2;rct;bin;rgs;gif;jpg;jpeg;jpe;resx;tiff;tif;png;wav;mfcribbon-ms</Extensions>
    </Filter>
  </ItemGroup>
  <ItemGroup>
    <ClCompile Include="Source\Main.cpp">
      <Filter>Source Files</Filter>
    </ClCompile>
    <ClCompile Include="Source\Game.cpp">
      <Filter>Source Files</Filter>
    </ClCompile>
    <ClCompile Include="Source\Crewmember.cpp">
      <Filter>Source Files</Filter>
    </ClCompile>
    <ClCompile Include="Source\Crew.cpp">
      <Filter>Source Files</Filter>
    </ClCompile>
    <ClCompile Include="Source\Path.cpp">
      <Filter>Source Files</Filter>
    </ClCompile>
    <ClCompile Include="Source\GUI\UICrewMember.cpp">
      <Filter>Source Files</Filter>
    </ClCompile>
    <ClCompile Include="Source\GUI\UICrew.cpp">
      <Filter>Source Files</Filter>
    </ClCompile>
    <ClCompile Include="Source\Scenarios\ScenarioFire.cpp">
      <Filter>Source Files</Filter>
    </ClCompile>
    <ClCompile Include="Source\Scenarios\ScenarioWater.cpp">
      <Filter>Source Files</Filter>
    </ClCompile>
    <ClCompile Include="Source\Scenarios\ScenarioManager.cpp">
      <Filter>Source Files</Filter>
    </ClCompile>
    <ClCompile Include="Source\Scenes\SceneLoading.cpp">
      <Filter>Source Files</Filter>
    </ClCompile>
    <ClCompile Include="Source\Scenes\SceneMenu.cpp">
      <Filter>Source Files</Filter>
    </ClCompile>
    <ClCompile Include="Source\Scenes\SceneGame.cpp">
      <Filter>Source Files</Filter>
    </ClCompile>
    <ClCompile Include="Source\Scenes\SceneOptions.cpp">
      <Filter>Source Files</Filter>
    </ClCompile>
    <ClCompile Include="Source\Scenes\SceneScenario.cpp">
      <Filter>Source Files</Filter>
    </ClCompile>
    <ClCompile Include="Source\Scenes\SceneCredits.cpp">
      <Filter>Source Files</Filter>
    </ClCompile>
    <ClCompile Include="Source\Scenes\SceneInternal.cpp">
      <Filter>Source Files</Filter>
    </ClCompile>
    <ClCompile Include="Source\GUI\UILog.cpp">
      <Filter>Source Files</Filter>
    </ClCompile>
    <ClCompile Include="Source\GUI\UIPause.cpp">
      <Filter>Source Files</Filter>
    </ClCompile>
    <ClCompile Include="Source\Scenarios\ScenarioMissile.cpp">
      <Filter>Source Files</Filter>
    </ClCompile>
    <ClCompile Include="Source\GameObjectMissile.cpp">
      <Filter>Source Files</Filter>
    </ClCompile>
  </ItemGroup>
  <ItemGroup>
    <ClInclude Include="Include\Game.h">
      <Filter>Header Files</Filter>
    </ClInclude>
    <ClInclude Include="Include\Crewmember.h">
      <Filter>Header Files</Filter>
    </ClInclude>
    <ClInclude Include="Include\Crew.h">
      <Filter>Header Files</Filter>
    </ClInclude>
    <ClInclude Include="Include\Path.h">
      <Filter>Header Files</Filter>
    </ClInclude>
    <ClInclude Include="Include\GUI\UICrewMember.h">
      <Filter>Header Files</Filter>
    </ClInclude>
    <ClInclude Include="Include\GUI\UICrew.h">
      <Filter>Header Files</Filter>
    </ClInclude>
    <ClInclude Include="Include\Scenarios\ScenarioFire.h">
      <Filter>Header Files</Filter>
    </ClInclude>
    <ClInclude Include="Include\Scenarios\ScenarioWater.h">
      <Filter>Header Files</Filter>
    </ClInclude>
    <ClInclude Include="Include\Scenarios\ScenarioManager.h">
      <Filter>Header Files</Filter>
    </ClInclude>
    <ClInclude Include="Include\Scenes\SceneLoading.h">
      <Filter>Header Files</Filter>
    </ClInclude>
    <ClInclude Include="Include\Scenes\SceneMenu.h">
      <Filter>Header Files</Filter>
    </ClInclude>
    <ClInclude Include="Include\Scenes\SceneGame.h">
      <Filter>Header Files</Filter>
    </ClInclude>
    <ClInclude Include="Include\Scenes\SceneInternal.h">
      <Filter>Header Files</Filter>
    </ClInclude>
    <ClInclude Include="Include\Scenes\SceneOptions.h">
      <Filter>Header Files</Filter>
    </ClInclude>
    <ClInclude Include="Include\Scenes\SceneScenario.h">
      <Filter>Header Files</Filter>
    </ClInclude>
    <ClInclude Include="Include\Scenes\SceneCredits.h">
      <Filter>Header Files</Filter>
    </ClInclude>
    <ClInclude Include="Include\GUI\UILog.h">
      <Filter>Header Files</Filter>
    </ClInclude>
    <ClInclude Include="Include\GUI\UIPause.h">
      <Filter>Header Files</Filter>
    </ClInclude>
    <ClInclude Include="Include\Scenarios\ScenarioMissile.h">
      <Filter>Header Files</Filter>
    </ClInclude>
    <ClInclude Include="Include\GameObjectMissile.h">
      <Filter>Header Files</Filter>
    </ClInclude>
  </ItemGroup>
  <ItemGroup>
    <None Include="Resources\Shaders\VShader.glsl" />
    <None Include="Resources\Shaders\FShader.glsl" />
    <None Include="Resources\Shaders\FShaderWater.glsl" />
    <None Include="Resources\Shaders\VShaderWater.glsl" />
    <None Include="Resources\Shaders\FShaderGUI.glsl" />
    <None Include="Resources\Shaders\FShaderFont.glsl" />
    <None Include="Resources\Shaders\VShaderFont.glsl" />
    <None Include="Resources\Shaders\VShaderGUI.glsl" />
    <None Include="Resources\Shaders\fullscreenTriVert.glsl" />
    <None Include="Resources\Shaders\cbrResolveFrag.glsl" />
    <None Include="Resources\Shaders\cbrReconstructionFrag.glsl" />
    <None Include="Resources\Shaders\orthoVert.glsl" />
    <None Include="Resources\Shaders\orthoFrag.glsl" />
    <None Include="Resources\Shaders\debugVert.glsl" />
    <None Include="Resources\Shaders\debugDecalsFrag.glsl" />
    <None Include="Resources\Shaders\VShaderSkyBox.glsl" />
    <None Include="Resources\Shaders\FShaderSkyBox.glsl" />
    <None Include="Resources\Textures\SkyBoxTextures\VShaderEquirecToCubemap.glsl" />
    <None Include="Resources\Textures\SkyBoxTextures\ocean.hdr">
      <Filter>Resource Files</Filter>
    </None>
    <None Include="Resources\Shaders\FShaderEquirecToCubemap.glsl" />
    <None Include="Resources\Shaders\VShaderEquirecToCubemap.glsl" />
    <None Include="Resources\Shaders\deferredMaterial.glsl" />
    <None Include="Resources\Shaders\deferredWall.glsl" />
    <None Include="Resources\Shaders\deferredWater.glsl" />
    <None Include="Resources\Shaders\deferredParticles.glsl" />
    <None Include="Resources\Shaders\forwardMaterial.glsl" />
    <None Include="Resources\Shaders\forwardWall.glsl" />
    <None Include="Resources\Shaders\depthPrePass.glsl" />
    <None Include="Resources\Shaders\forwardIndoorWater.glsl" />
    <None Include="Resources\Shaders\animatedDepthPrePass.glsl" />
    <None Include="Resources\Shaders\forwardAnimation.glsl" />
    <None Include="Resources\Shaders\forwardMeshParticles.glsl" />
    <None Include="Resources\Shaders\forwardOutdoorWater.glsl" />
    <None Include="Resources\Shaders\forwardFloor.glsl" />
  </ItemGroup>
  <ItemGroup>
    <Object Include="Resources\Meshes\ship.obj" />
  </ItemGroup>
  <ItemGroup>
    <Image Include="Resources\Textures\waterDUDV.png">
      <Filter>Resource Files</Filter>
    </Image>
    <Image Include="Resources\Textures\waterNormalMap.png">
      <Filter>Resource Files</Filter>
    </Image>
    <Image Include="Resources\Textures\skybox\ss_bk.png">
      <Filter>Resource Files</Filter>
    </Image>
    <Image Include="Resources\Textures\skybox\ss_dn.png">
      <Filter>Resource Files</Filter>
    </Image>
    <Image Include="Resources\Textures\skybox\ss_ft.png">
      <Filter>Resource Files</Filter>
    </Image>
    <Image Include="Resources\Textures\skybox\ss_lf.png">
      <Filter>Resource Files</Filter>
    </Image>
    <Image Include="Resources\Textures\skybox\ss_rt.png">
      <Filter>Resource Files</Filter>
    </Image>
    <Image Include="Resources\Textures\skybox\ss_up.png">
      <Filter>Resource Files</Filter>
    </Image>
  </ItemGroup>
  <ItemGroup>
    <Text Include="Resources\Shaders\cbrFilterFrag.glsl">
      <Filter>Source Files</Filter>
    </Text>
    <Text Include="Resources\Shaders\deferredDecals.glsl" />
    <Text Include="Resources\Shaders\skybox.glsl" />
    <Text Include="Resources\Shaders\forwardParticles.glsl" />
  </ItemGroup>
</Project>