<?xml version="1.0" encoding="utf-8"?>
<Project ToolsVersion="4.0" xmlns="http://schemas.microsoft.com/developer/msbuild/2003">
  <ItemGroup>
    <ClCompile Include="Source\Graphics\Camera.cpp" />
    <ClCompile Include="Source\Graphics\GameObject.cpp" />
    <ClCompile Include="Source\Graphics\Geometry\Mesh.cpp" />
    <ClCompile Include="Source\Graphics\Renderers\DefferedRenderer.cpp" />
    <ClCompile Include="Source\Graphics\Scene.cpp" />
    <ClCompile Include="Source\Graphics\Textures\Framebuffer.cpp" />
    <ClCompile Include="Source\System\Input.cpp" />
    <ClCompile Include="Source\EnginePch.cpp" />
    <ClCompile Include="Include\GLAD\glad.c" />
    <ClCompile Include="Source\Graphics\Buffers\UniformBuffer.cpp" />
    <ClCompile Include="Source\Graphics\Geometry\IndexedMesh.cpp" />
    <ClCompile Include="Source\Graphics\Renderers\GLContext.cpp" />
    <ClCompile Include="Source\Graphics\Shaders\Shader.cpp" />
    <ClCompile Include="Source\Graphics\Shaders\ShaderProgram.cpp" />
    <ClCompile Include="Source\Graphics\Textures\Texture.cpp" />
    <ClCompile Include="Source\Graphics\Textures\Texture2D.cpp" />
    <ClCompile Include="Source\Graphics\Textures\TextureCube.cpp" />
    <ClCompile Include="Source\System\Application.cpp" />
    <ClCompile Include="Source\System\Window.cpp" />
    <ClCompile Include="Source\Graphics\Geometry\FullscreenTri.cpp" />
    <ClCompile Include="Source\IO\WorldSerializer.cpp" />
    <ClCompile Include="Source\Graphics\Material\Material.cpp" />
    <ClCompile Include="Source\Graphics\Renderers\FontRenderer.cpp" />
    <ClCompile Include="Source\Graphics\GUI\GUIManager.cpp" />
    <ClCompile Include="Source\Graphics\GUI\GUIObject.cpp" />
    <ClCompile Include="Source\Graphics\GUI\TextView.cpp" />
    <ClCompile Include="Source\Graphics\Material\Decal.cpp" />
  </ItemGroup>
  <ItemGroup>
    <ClInclude Include="Include\EnginePch.h" />
    <ClInclude Include="Include\GLAD\glad.h" />
    <ClInclude Include="Include\GLAD\khrplatform.h" />
    <ClInclude Include="Include\Graphics\Buffers\UniformBuffer.h" />
    <ClInclude Include="Include\Graphics\Camera.h" />
    <ClInclude Include="Include\Graphics\GameObject.h" />
    <ClInclude Include="Include\Graphics\Geometry\IndexedMesh.h" />
    <ClInclude Include="Include\Graphics\Geometry\Mesh.h" />
    <ClInclude Include="Include\Graphics\Renderers\DefferedRenderer.h" />
    <ClInclude Include="Include\Graphics\Renderers\GLContext.h" />
    <ClInclude Include="Include\Graphics\Renderers\IRenderer.h" />
    <ClInclude Include="Include\Graphics\Scene.h" />
    <ClInclude Include="Include\Graphics\Shaders\Shader.h" />
    <ClInclude Include="Include\Graphics\Shaders\ShaderProgram.h" />
    <ClInclude Include="Include\Graphics\Textures\Framebuffer.h" />
    <ClInclude Include="Include\Graphics\Textures\Texture.h" />
    <ClInclude Include="Include\Graphics\Textures\Texture2D.h" />
    <ClInclude Include="Include\Graphics\Textures\TextureCube.h" />
    <ClInclude Include="Include\System\Application.h" />
    <ClInclude Include="Include\Defines.h" />
    <ClInclude Include="Include\System\Input.h" />
    <ClInclude Include="Include\System\Window.h" />
    <ClInclude Include="Include\Types.h" />
    <ClInclude Include="Libs\Include\GLFW\glfw3.h" />
    <ClInclude Include="Libs\Include\GLFW\glfw3native.h" />
    <ClInclude Include="Include\Graphics\Geometry\FullscreenTri.h" />
    <ClInclude Include="Include\IO\WorldSerializer.h" />
    <ClInclude Include="Include\STB\stb_image.h" />
    <ClInclude Include="Include\Graphics\Materials\Material.h" />
    <ClInclude Include="Include\Graphics\Renderers\FontRenderer.h" />
    <ClInclude Include="Include\Graphics\GUI\GUIManager.h" />
    <ClInclude Include="Include\Graphics\GUI\GUIObject.h" />
    <ClInclude Include="Include\Graphics\GUI\TextView.h" />
    <ClInclude Include="Include\Graphics\Materials\Decal.h" />
  </ItemGroup>
</Project>