<?xml version="1.0" encoding="utf-8"?>
<Project ToolsVersion="4.0" xmlns="http://schemas.microsoft.com/developer/msbuild/2003">
  <ItemGroup>
    <ClCompile Include="Source\Graphics\Camera.cpp" />
    <ClCompile Include="Source\Graphics\GameObject.cpp" />
    <ClCompile Include="Source\Graphics\Geometry\Mesh.cpp" />
    <ClCompile Include="Source\Graphics\Renderers\DefferedRenderer.cpp" />
    <ClCompile Include="Source\Graphics\Scene.cpp" />
    <ClCompile Include="Source\Graphics\Textures\Framebuffer.cpp" />
    <ClCompile Include="Source\System\Input.cpp" />
    <ClCompile Include="Source\EnginePch.cpp" />
    <ClCompile Include="Include\GLAD\glad.c" />
    <ClCompile Include="Source\Graphics\Buffers\UniformBuffer.cpp" />
    <ClCompile Include="Source\Graphics\Geometry\IndexedMesh.cpp" />
    <ClCompile Include="Source\Graphics\Renderers\GLContext.cpp" />
    <ClCompile Include="Source\Graphics\Shaders\Shader.cpp" />
    <ClCompile Include="Source\Graphics\Shaders\ShaderProgram.cpp" />
    <ClCompile Include="Source\Graphics\Textures\Texture.cpp" />
    <ClCompile Include="Source\Graphics\Textures\Texture2D.cpp" />
    <ClCompile Include="Source\Graphics\Textures\TextureCube.cpp" />
    <ClCompile Include="Source\System\Application.cpp" />
    <ClCompile Include="Source\System\Window.cpp" />
    <ClCompile Include="Source\Graphics\Geometry\FullscreenTri.cpp" />
    <ClCompile Include="Source\IO\WorldSerializer.cpp" />
    <ClCompile Include="Source\Graphics\Material\Material.cpp" />
    <ClCompile Include="Source\Graphics\Renderers\FontRenderer.cpp" />
    <ClCompile Include="Source\Graphics\GUI\GUIManager.cpp" />
    <ClCompile Include="Source\Graphics\GUI\TextView.cpp" />
    <ClCompile Include="Source\Graphics\Material\Decal.cpp" />
    <ClCompile Include="Source\Audio\ALContext.cpp" />
    <ClCompile Include="Source\Audio\IAudioContext.cpp" />
    <ClCompile Include="Source\Audio\SoundEffect.cpp" />
    <ClCompile Include="Source\Audio\Sources\AudioSource.cpp" />
    <ClCompile Include="Source\Audio\Listeners\AudioListener.cpp" />
    <ClCompile Include="Source\Graphics\Lights\DirectionalLight.cpp" />
    <ClCompile Include="Source\Graphics\Lights\PointLight.cpp" />
    <ClCompile Include="Source\Graphics\Lights\Spotlight.cpp" />
    <ClCompile Include="Source\Audio\Music.cpp" />
    <ClCompile Include="Source\Graphics\GUI\Button.cpp" />
    <ClCompile Include="Source\Graphics\GUI\GUIContext.cpp" />
    <ClCompile Include="Source\Graphics\GUI\GUIObject.cpp" />
    <ClCompile Include="Source\Graphics\GUI\Panel.cpp" />
    <ClCompile Include="Source\Graphics\GUI\Slider.cpp" />
    <ClCompile Include="Source\World\World.cpp" />
    <ClCompile Include="Source\World\WorldLevel.cpp" />
    <ClCompile Include="Source\Graphics\GUI\PanelScrollable.cpp" />
    <ClCompile Include="Source\World\Grid.cpp" />
    <ClCompile Include="Source\World\Tile.cpp" />
    <ClCompile Include="Source\Graphics\Renderers\OrthographicRenderer.cpp" />
    <ClCompile Include="Source\Graphics\Renderers\DebugRenderer.cpp" />
    <ClCompile Include="Source\IO\ResourceHandler.cpp" />
    <ClCompile Include="Source\IO\R_DECAL.cpp" />
    <ClCompile Include="Source\IO\R_MESH.cpp" />
    <ClCompile Include="Source\IO\R_MATERIAL.cpp" />
    <ClCompile Include="Source\IO\R_TEXTURE.cpp" />
    <ClCompile Include="Source\System\ThreadHandler.cpp" />
    <ClCompile Include="Source\Graphics\SkyBox.cpp" />
    <ClCompile Include="Source\Graphics\GUI\SelectionHandler.cpp" />
    <ClCompile Include="Source\IO\R_GAMEOBJECT.cpp" />
    <ClCompile Include="Source\IO\R_SOUND.cpp" />
    <ClCompile Include="Source\IO\R_MUSIC.cpp" />
    <ClCompile Include="Source\Graphics\Geometry\AnimatedMesh.cpp" />
    <ClCompile Include="Source\Graphics\Textures\PlanarReflector.cpp" />
    <ClCompile Include="Source\Graphics\Textures\PlanarReflector.cpp" />
    <ClCompile Include="Source\Graphics\Material\WallMaterial.cpp" />
    <ClCompile Include="Source\Graphics\GUI\ProgressBar.cpp" />
    <ClCompile Include="Source\IO\R_SHADER.cpp" />
    <ClCompile Include="Source\System\Random.cpp" />
    <ClCompile Include="Source\Graphics\GUI\PanelExpandable.cpp" />
    <ClCompile Include="Source\Graphics\Geometry\Particle.cpp" />
    <ClCompile Include="Source\Graphics\Particles\ParticleEmitter.cpp" />
    <ClCompile Include="Source\Graphics\Renderers\TimerQuery.cpp" />
    <ClCompile Include="Source\Graphics\Renderers\ForwardRenderer.cpp" />
    <ClCompile Include="Source\World\VisualAudioSource.cpp" />
    <ClCompile Include="Source\World\Room.cpp" />
    <ClCompile Include="Source\World\Logger.cpp" />
    <ClCompile Include="Source\Graphics\GUI\ListScrollable.cpp" />
    <ClCompile Include="Source\Graphics\GUI\HoveringHandler.cpp" />
    <ClCompile Include="Source\Graphics\GUI\ProgressButton.cpp" />
    <ClCompile Include="Source\World\Scenarios\Fire\FireAlarm.cpp" />
    <ClCompile Include="Source\World\LightManager.cpp" />
    <ClCompile Include="Source\Graphics\Material\WaterOutdoorMaterial.cpp" />
    <ClCompile Include="Source\Graphics\Material\WaterIndoorMaterial.cpp" />
    <ClCompile Include="Source\Graphics\Particles\MeshEmitter.cpp" />
    <ClCompile Include="Source\Graphics\Geometry\MeshParticle.cpp" />
    <ClCompile Include="Source\Graphics\Material\AnimatedSkeleton.cpp" />
    <ClCompile Include="Source\World\GameObjectDoor.cpp" />
    <ClCompile Include="Source\System\CPUProfiler.cpp" />
    <ClCompile Include="Source\Graphics\Geometry\WaterQuad.cpp" />
    <ClCompile Include="Source\Graphics\GUI\TextField.cpp" />
    <ClCompile Include="Source\World\Scenarios\IScenario.cpp" />
    <ClCompile Include="Source\World\Scenarios\Orders\OrderCloseDoor.cpp" />
    <ClCompile Include="Source\World\Scenarios\Orders\OrderHandler.cpp" />
    <ClCompile Include="Source\Graphics\Textures\StaticShadowCube.cpp" />
  </ItemGroup>
  <ItemGroup>
    <ClInclude Include="Include\EnginePch.h" />
    <ClInclude Include="Include\GLAD\glad.h" />
    <ClInclude Include="Include\GLAD\khrplatform.h" />
    <ClInclude Include="Include\Graphics\Buffers\UniformBuffer.h" />
    <ClInclude Include="Include\Graphics\Camera.h" />
    <ClInclude Include="Include\Graphics\GameObject.h" />
    <ClInclude Include="Include\Graphics\Geometry\IndexedMesh.h" />
    <ClInclude Include="Include\Graphics\Geometry\Mesh.h" />
    <ClInclude Include="Include\Graphics\Renderers\IRenderer.h" />
    <ClInclude Include="Include\Graphics\Scene.h" />
    <ClInclude Include="Include\Graphics\Shaders\Shader.h" />
    <ClInclude Include="Include\Graphics\Shaders\ShaderProgram.h" />
    <ClInclude Include="Include\Graphics\Textures\Framebuffer.h" />
    <ClInclude Include="Include\Graphics\Textures\Texture.h" />
    <ClInclude Include="Include\Graphics\Textures\Texture2D.h" />
    <ClInclude Include="Include\Graphics\Textures\TextureCube.h" />
    <ClInclude Include="Include\System\Application.h" />
    <ClInclude Include="Include\Defines.h" />
    <ClInclude Include="Include\System\Input.h" />
    <ClInclude Include="Include\System\Window.h" />
    <ClInclude Include="Include\Types.h" />
    <ClInclude Include="Libs\Include\GLFW\glfw3.h" />
    <ClInclude Include="Libs\Include\GLFW\glfw3native.h" />
    <ClInclude Include="Include\Graphics\Geometry\FullscreenTri.h" />
    <ClInclude Include="Include\IO\WorldSerializer.h" />
    <ClInclude Include="Include\STB\stb_image.h" />
    <ClInclude Include="Include\Graphics\Materials\Material.h" />
    <ClInclude Include="Include\Graphics\Renderers\FontRenderer.h" />
    <ClInclude Include="Include\Graphics\GUI\GUIManager.h" />
    <ClInclude Include="Include\Graphics\GUI\TextView.h" />
    <ClInclude Include="Include\Graphics\Materials\Decal.h" />
    <ClInclude Include="Include\Audio\ALContext.h" />
    <ClInclude Include="Include\Audio\IAudioContext.h" />
    <ClInclude Include="Include\Audio\Sources\AudioSource.h" />
    <ClInclude Include="Include\Audio\SoundEffect.h" />
    <ClInclude Include="Include\Audio\Listeners\AudioListener.h" />
    <ClInclude Include="Include\Graphics\Lights\DirectionalLight.h" />
    <ClInclude Include="Include\Graphics\Lights\PointLight.h" />
    <ClInclude Include="Include\Graphics\Lights\SpotLight.h" />
    <ClInclude Include="Include\Graphics\GUI\Button.h" />
    <ClInclude Include="Include\Graphics\GUI\GUIContext.h" />
    <ClInclude Include="Include\Graphics\GUI\GUIObject.h" />
    <ClInclude Include="Include\Audio\Music.h" />
    <ClInclude Include="Include\Graphics\GUI\Panel.h" />
    <ClInclude Include="Include\Graphics\GUI\Slider.h" />
    <ClInclude Include="Include\World\World.h" />
    <ClInclude Include="Include\World\WorldLevel.h" />
    <ClInclude Include="Include\Graphics\SkyBox.h" />
    <ClInclude Include="Include\Graphics\GUI\PanelScrollable.h" />
    <ClInclude Include="Include\World\Grid.h" />
    <ClInclude Include="Include\World\Tile.h" />
    <ClInclude Include="Include\Graphics\Renderers\OrthographicRenderer.h" />
    <ClInclude Include="Include\Graphics\Renderers\DebugRenderer.h" />
    <ClInclude Include="Include\IO\IResourceListener.h" />
    <ClInclude Include="Include\IO\ResourceHandler.h" />
    <ClInclude Include="Include\IO\DECAL.h" />
    <ClInclude Include="Include\IO\MATERIAL.h" />
    <ClInclude Include="Include\IO\MESH.h" />
    <ClInclude Include="Include\IO\TEXTURE.h" />
    <ClInclude Include="Include\System\ThreadHandler.h" />
    <ClInclude Include="Include\System\IRunnable.h" />
    <ClInclude Include="Include\Graphics\Textures\TextureHelper.h" />
    <ClInclude Include="Include\Graphics\GUI\SelectionHandler.h" />
    <ClInclude Include="Include\Graphics\GUI\ISelectable.h" />
    <ClInclude Include="Include\IO\GAMEOBJECT.h" />
    <ClInclude Include="Include\IO\MUSIC.h" />
    <ClInclude Include="Include\IO\SOUND.h" />
    <ClInclude Include="Include\IO\IResource.h" />
    <ClInclude Include="Include\Graphics\GUI\ProgressBar.h" />
    <ClInclude Include="Include\IO\SHADER.h" />
    <ClInclude Include="Include\Graphics\Geometry\AnimatedMesh.h" />
    <ClInclude Include="Include\Graphics\Textures\PlanarReflector.h" />
    <ClInclude Include="Include\Graphics\Materials\MaterialBase.h" />
    <ClInclude Include="Include\Graphics\Materials\WallMaterial.h" />
    <ClInclude Include="Include\System\Random.h" />
    <ClInclude Include="Include\Graphics\GUI\PanelExpandable.h" />
    <ClInclude Include="Include\Graphics\Geometry\Particle.h" />
    <ClInclude Include="Include\Graphics\Renderers\DefferedRenderer.h" />
    <ClInclude Include="Include\Graphics\Renderers\GLContext.h" />
    <ClInclude Include="Include\Graphics\Particles\ParticleEmitter.h" />
    <ClInclude Include="Include\Graphics\Renderers\ForwardRenderer.h" />
    <ClInclude Include="Include\Graphics\Renderers\TimerQuery.h" />
    <ClInclude Include="Include\Graphics\Particles\ParticleData.h" />
    <ClInclude Include="Include\World\VisualAudioSource.h" />
    <ClInclude Include="Include\World\Room.h" />
    <ClInclude Include="Include\World\Logger.h" />
    <ClInclude Include="Include\Graphics\GUI\ListScrollable.h" />
    <ClInclude Include="Include\Graphics\GUI\HoveringHandler.h" />
    <ClInclude Include="Include\Graphics\GUI\IHoverable.h" />
    <ClInclude Include="Include\Graphics\GUI\ProgressButton.h" />
    <ClInclude Include="Include\World\Scenarios\Fire\FireAlarm.h" />
    <ClInclude Include="Include\World\Scenarios\IScenario.h" />
    <ClInclude Include="Include\World\LightManager.h" />
    <ClInclude Include="Include\Graphics\Materials\WaterIndoorMaterial.h" />
    <ClInclude Include="Include\Graphics\Materials\WaterOutdoorMaterial.h" />
    <ClInclude Include="Include\Graphics\Materials\AnimatedSkeleton.h" />
    <ClInclude Include="Include\World\GameObjectDoor.h" />
    <ClInclude Include="Include\System\CPUProfiler.h" />
    <ClInclude Include="Include\Graphics\Particles\MeshEmitter.h" />
    <ClInclude Include="Include\Graphics\Geometry\MeshParticle.h" />
    <ClInclude Include="Include\Graphics\Geometry\MeshBase.h" />
    <ClInclude Include="Include\Graphics\Geometry\WaterQuad.h" />
    <ClInclude Include="Include\Graphics\GUI\TextField.h" />
    <ClInclude Include="Include\World\Scenarios\Orders\OrderCloseDoor.h" />
    <ClInclude Include="Include\World\Scenarios\Orders\OrderHandler.h" />
    <ClInclude Include="Include\Graphics\Textures\StaticShadowCube.h" />
    <ClInclude Include="Include\Graphics\IGLObject.h" />
  </ItemGroup>
  <ItemGroup>
    <None Include="Include\GLMHelper.inl" />
    <None Include="Include\Graphics\Geometry\AssimpHelper.inl" />
  </ItemGroup>
</Project>